// !$*UTF8*$!
{
	archiveVersion = 1;
	classes = {
	};
	objectVersion = 46;
	objects = {

/* Begin PBXBuildFile section */
		E61A33971CA311FF004E5505 /* AppDelegate.swift in Sources */ = {isa = PBXBuildFile; fileRef = E61A33961CA311FF004E5505 /* AppDelegate.swift */; };
		E61A339C1CA311FF004E5505 /* Main.storyboard in Resources */ = {isa = PBXBuildFile; fileRef = E61A339A1CA311FF004E5505 /* Main.storyboard */; };
		E61A339E1CA311FF004E5505 /* Assets.xcassets in Resources */ = {isa = PBXBuildFile; fileRef = E61A339D1CA311FF004E5505 /* Assets.xcassets */; };
		E61A33A11CA311FF004E5505 /* LaunchScreen.storyboard in Resources */ = {isa = PBXBuildFile; fileRef = E61A339F1CA311FF004E5505 /* LaunchScreen.storyboard */; };
		E61A33AE1CA3128F004E5505 /* libc++.tbd in Frameworks */ = {isa = PBXBuildFile; fileRef = E61A33AD1CA3128F004E5505 /* libc++.tbd */; };
		E61A33B01CA3129A004E5505 /* libicucore.tbd in Frameworks */ = {isa = PBXBuildFile; fileRef = E61A33AF1CA3129A004E5505 /* libicucore.tbd */; };
		E61A33B21CA312A1004E5505 /* SystemConfiguration.framework in Frameworks */ = {isa = PBXBuildFile; fileRef = E61A33B11CA312A1004E5505 /* SystemConfiguration.framework */; };
		E61A33B41CA312A5004E5505 /* Security.framework in Frameworks */ = {isa = PBXBuildFile; fileRef = E61A33B31CA312A5004E5505 /* Security.framework */; };
		E61A33B61CA312AE004E5505 /* CFNetwork.framework in Frameworks */ = {isa = PBXBuildFile; fileRef = E61A33B51CA312AE004E5505 /* CFNetwork.framework */; };
		E61A33B81CA31315004E5505 /* User.swift in Sources */ = {isa = PBXBuildFile; fileRef = E61A33B71CA31315004E5505 /* User.swift */; };
		E61A33BA1CA3131D004E5505 /* Challenger.swift in Sources */ = {isa = PBXBuildFile; fileRef = E61A33B91CA3131D004E5505 /* Challenger.swift */; };
		E61A33BD1CA3132B004E5505 /* ChallengerController.swift in Sources */ = {isa = PBXBuildFile; fileRef = E61A33BC1CA3132B004E5505 /* ChallengerController.swift */; };
		E61A33BF1CA31332004E5505 /* UserController.swift in Sources */ = {isa = PBXBuildFile; fileRef = E61A33BE1CA31332004E5505 /* UserController.swift */; };
		E61A33C21CA3135C004E5505 /* FirebaseController.swift in Sources */ = {isa = PBXBuildFile; fileRef = E61A33C11CA3135C004E5505 /* FirebaseController.swift */; };
		E61A33C41CA344CE004E5505 /* SearchUserViewController.swift in Sources */ = {isa = PBXBuildFile; fileRef = E61A33C31CA344CE004E5505 /* SearchUserViewController.swift */; };
		E61A33C71CA344F7004E5505 /* ChallengePrototypeController.swift in Sources */ = {isa = PBXBuildFile; fileRef = E61A33C61CA344F7004E5505 /* ChallengePrototypeController.swift */; };
		E61A33C91CA34506004E5505 /* ChallengerPageViewController.swift in Sources */ = {isa = PBXBuildFile; fileRef = E61A33C81CA34506004E5505 /* ChallengerPageViewController.swift */; };
		E61A33CB1CA3450E004E5505 /* ProfileViewcontroller.swift in Sources */ = {isa = PBXBuildFile; fileRef = E61A33CA1CA3450E004E5505 /* ProfileViewcontroller.swift */; };
		E61A33CD1CA34515004E5505 /* LoginViewController.swift in Sources */ = {isa = PBXBuildFile; fileRef = E61A33CC1CA34515004E5505 /* LoginViewController.swift */; };
		E61A33CF1CA3451D004E5505 /* CreateAccountViewController.swift in Sources */ = {isa = PBXBuildFile; fileRef = E61A33CE1CA3451D004E5505 /* CreateAccountViewController.swift */; };
		E61A33D11CA34530004E5505 /* UserTableViewCell.swift in Sources */ = {isa = PBXBuildFile; fileRef = E61A33D01CA34530004E5505 /* UserTableViewCell.swift */; };
		E66A1CD31CB4703B00483F58 /* CreateChallengeViewController.swift in Sources */ = {isa = PBXBuildFile; fileRef = E66A1CD21CB4703B00483F58 /* CreateChallengeViewController.swift */; };
		E675DE291CAC5265009BA54E /* ChallengerTabBarViewController.swift in Sources */ = {isa = PBXBuildFile; fileRef = E675DE281CAC5265009BA54E /* ChallengerTabBarViewController.swift */; };
		E67F1BDD1CB6523700E2C1DB /* Appearance.swift in Sources */ = {isa = PBXBuildFile; fileRef = E67F1BDC1CB6523700E2C1DB /* Appearance.swift */; };
		E67F1BDE1CB6C92000E2C1DB /* Firebase.framework in Frameworks */ = {isa = PBXBuildFile; fileRef = E61A33A81CA31272004E5505 /* Firebase.framework */; };
		E6C2FA541CB30619006D2054 /* Timer.swift in Sources */ = {isa = PBXBuildFile; fileRef = E6C2FA531CB30619006D2054 /* Timer.swift */; };
		E6C929D21CD09E5D008F74D8 /* PrivacyPolicyViewController.swift in Sources */ = {isa = PBXBuildFile; fileRef = E6C929D11CD09E5D008F74D8 /* PrivacyPolicyViewController.swift */; };
/* End PBXBuildFile section */

/* Begin PBXCopyFilesBuildPhase section */
		E67F1BE01CB6C92000E2C1DB /* Embed Frameworks */ = {
			isa = PBXCopyFilesBuildPhase;
			buildActionMask = 2147483647;
			dstPath = "";
			dstSubfolderSpec = 10;
			files = (
			);
			name = "Embed Frameworks";
			runOnlyForDeploymentPostprocessing = 0;
		};
/* End PBXCopyFilesBuildPhase section */

/* Begin PBXFileReference section */
		E61A33931CA311FF004E5505 /* Challenger.app */ = {isa = PBXFileReference; explicitFileType = wrapper.application; includeInIndex = 0; path = Challenger.app; sourceTree = BUILT_PRODUCTS_DIR; };
		E61A33961CA311FF004E5505 /* AppDelegate.swift */ = {isa = PBXFileReference; lastKnownFileType = sourcecode.swift; path = AppDelegate.swift; sourceTree = "<group>"; };
		E61A339B1CA311FF004E5505 /* Base */ = {isa = PBXFileReference; lastKnownFileType = file.storyboard; name = Base; path = Base.lproj/Main.storyboard; sourceTree = "<group>"; };
		E61A339D1CA311FF004E5505 /* Assets.xcassets */ = {isa = PBXFileReference; lastKnownFileType = folder.assetcatalog; path = Assets.xcassets; sourceTree = "<group>"; };
		E61A33A01CA311FF004E5505 /* Base */ = {isa = PBXFileReference; lastKnownFileType = file.storyboard; name = Base; path = Base.lproj/LaunchScreen.storyboard; sourceTree = "<group>"; };
		E61A33A21CA311FF004E5505 /* Info.plist */ = {isa = PBXFileReference; lastKnownFileType = text.plist.xml; path = Info.plist; sourceTree = "<group>"; };
		E61A33A81CA31272004E5505 /* Firebase.framework */ = {isa = PBXFileReference; lastKnownFileType = wrapper.framework; path = Firebase.framework; sourceTree = "<group>"; };
		E61A33AD1CA3128F004E5505 /* libc++.tbd */ = {isa = PBXFileReference; lastKnownFileType = "sourcecode.text-based-dylib-definition"; name = "libc++.tbd"; path = "usr/lib/libc++.tbd"; sourceTree = SDKROOT; };
		E61A33AF1CA3129A004E5505 /* libicucore.tbd */ = {isa = PBXFileReference; lastKnownFileType = "sourcecode.text-based-dylib-definition"; name = libicucore.tbd; path = usr/lib/libicucore.tbd; sourceTree = SDKROOT; };
		E61A33B11CA312A1004E5505 /* SystemConfiguration.framework */ = {isa = PBXFileReference; lastKnownFileType = wrapper.framework; name = SystemConfiguration.framework; path = System/Library/Frameworks/SystemConfiguration.framework; sourceTree = SDKROOT; };
		E61A33B31CA312A5004E5505 /* Security.framework */ = {isa = PBXFileReference; lastKnownFileType = wrapper.framework; name = Security.framework; path = System/Library/Frameworks/Security.framework; sourceTree = SDKROOT; };
		E61A33B51CA312AE004E5505 /* CFNetwork.framework */ = {isa = PBXFileReference; lastKnownFileType = wrapper.framework; name = CFNetwork.framework; path = System/Library/Frameworks/CFNetwork.framework; sourceTree = SDKROOT; };
		E61A33B71CA31315004E5505 /* User.swift */ = {isa = PBXFileReference; fileEncoding = 4; lastKnownFileType = sourcecode.swift; path = User.swift; sourceTree = "<group>"; };
		E61A33B91CA3131D004E5505 /* Challenger.swift */ = {isa = PBXFileReference; fileEncoding = 4; lastKnownFileType = sourcecode.swift; path = Challenger.swift; sourceTree = "<group>"; };
		E61A33BC1CA3132B004E5505 /* ChallengerController.swift */ = {isa = PBXFileReference; fileEncoding = 4; lastKnownFileType = sourcecode.swift; path = ChallengerController.swift; sourceTree = "<group>"; };
		E61A33BE1CA31332004E5505 /* UserController.swift */ = {isa = PBXFileReference; fileEncoding = 4; lastKnownFileType = sourcecode.swift; path = UserController.swift; sourceTree = "<group>"; };
		E61A33C11CA3135C004E5505 /* FirebaseController.swift */ = {isa = PBXFileReference; fileEncoding = 4; lastKnownFileType = sourcecode.swift; path = FirebaseController.swift; sourceTree = "<group>"; };
		E61A33C31CA344CE004E5505 /* SearchUserViewController.swift */ = {isa = PBXFileReference; fileEncoding = 4; lastKnownFileType = sourcecode.swift; path = SearchUserViewController.swift; sourceTree = "<group>"; };
		E61A33C61CA344F7004E5505 /* ChallengePrototypeController.swift */ = {isa = PBXFileReference; fileEncoding = 4; lastKnownFileType = sourcecode.swift; path = ChallengePrototypeController.swift; sourceTree = "<group>"; };
		E61A33C81CA34506004E5505 /* ChallengerPageViewController.swift */ = {isa = PBXFileReference; fileEncoding = 4; lastKnownFileType = sourcecode.swift; path = ChallengerPageViewController.swift; sourceTree = "<group>"; };
		E61A33CA1CA3450E004E5505 /* ProfileViewcontroller.swift */ = {isa = PBXFileReference; fileEncoding = 4; lastKnownFileType = sourcecode.swift; path = ProfileViewcontroller.swift; sourceTree = "<group>"; };
		E61A33CC1CA34515004E5505 /* LoginViewController.swift */ = {isa = PBXFileReference; fileEncoding = 4; lastKnownFileType = sourcecode.swift; path = LoginViewController.swift; sourceTree = "<group>"; };
		E61A33CE1CA3451D004E5505 /* CreateAccountViewController.swift */ = {isa = PBXFileReference; fileEncoding = 4; lastKnownFileType = sourcecode.swift; path = CreateAccountViewController.swift; sourceTree = "<group>"; };
		E61A33D01CA34530004E5505 /* UserTableViewCell.swift */ = {isa = PBXFileReference; fileEncoding = 4; lastKnownFileType = sourcecode.swift; path = UserTableViewCell.swift; sourceTree = "<group>"; };
		E66A1CD21CB4703B00483F58 /* CreateChallengeViewController.swift */ = {isa = PBXFileReference; fileEncoding = 4; lastKnownFileType = sourcecode.swift; path = CreateChallengeViewController.swift; sourceTree = "<group>"; };
		E675DE281CAC5265009BA54E /* ChallengerTabBarViewController.swift */ = {isa = PBXFileReference; fileEncoding = 4; lastKnownFileType = sourcecode.swift; path = ChallengerTabBarViewController.swift; sourceTree = "<group>"; };
		E67F1BDC1CB6523700E2C1DB /* Appearance.swift */ = {isa = PBXFileReference; fileEncoding = 4; lastKnownFileType = sourcecode.swift; path = Appearance.swift; sourceTree = "<group>"; };
		E6C2FA531CB30619006D2054 /* Timer.swift */ = {isa = PBXFileReference; fileEncoding = 4; lastKnownFileType = sourcecode.swift; path = Timer.swift; sourceTree = "<group>"; };
		E6C929D11CD09E5D008F74D8 /* PrivacyPolicyViewController.swift */ = {isa = PBXFileReference; fileEncoding = 4; lastKnownFileType = sourcecode.swift; path = PrivacyPolicyViewController.swift; sourceTree = "<group>"; };
/* End PBXFileReference section */

/* Begin PBXFrameworksBuildPhase section */
		E61A33901CA311FF004E5505 /* Frameworks */ = {
			isa = PBXFrameworksBuildPhase;
			buildActionMask = 2147483647;
			files = (
				E61A33B61CA312AE004E5505 /* CFNetwork.framework in Frameworks */,
				E67F1BDE1CB6C92000E2C1DB /* Firebase.framework in Frameworks */,
				E61A33B41CA312A5004E5505 /* Security.framework in Frameworks */,
				E61A33B21CA312A1004E5505 /* SystemConfiguration.framework in Frameworks */,
				E61A33B01CA3129A004E5505 /* libicucore.tbd in Frameworks */,
				E61A33AE1CA3128F004E5505 /* libc++.tbd in Frameworks */,
			);
			runOnlyForDeploymentPostprocessing = 0;
		};
/* End PBXFrameworksBuildPhase section */

/* Begin PBXGroup section */
		E61A338A1CA311FF004E5505 = {
			isa = PBXGroup;
			children = (
				E61A33951CA311FF004E5505 /* Challenger */,
				E61A33941CA311FF004E5505 /* Products */,
				E61A33AC1CA31275004E5505 /* FrameWorks */,
			);
			sourceTree = "<group>";
		};
		E61A33941CA311FF004E5505 /* Products */ = {
			isa = PBXGroup;
			children = (
				E61A33931CA311FF004E5505 /* Challenger.app */,
			);
			name = Products;
			sourceTree = "<group>";
		};
		E61A33951CA311FF004E5505 /* Challenger */ = {
			isa = PBXGroup;
			children = (
				E61A339D1CA311FF004E5505 /* Assets.xcassets */,
				E61A339F1CA311FF004E5505 /* LaunchScreen.storyboard */,
				E61A33A21CA311FF004E5505 /* Info.plist */,
				E61A339A1CA311FF004E5505 /* Main.storyboard */,
				E61A33961CA311FF004E5505 /* AppDelegate.swift */,
				E67F1BDC1CB6523700E2C1DB /* Appearance.swift */,
				E61A33D21CA34538004E5505 /* View */,
				E61A33C51CA344D6004E5505 /* View Controllers */,
				E61A33C01CA31338004E5505 /* ModelControllers */,
				E61A33BB1CA31321004E5505 /* Model */,
			);
			path = Challenger;
			sourceTree = "<group>";
		};
		E61A33AC1CA31275004E5505 /* FrameWorks */ = {
			isa = PBXGroup;
			children = (
				E61A33B51CA312AE004E5505 /* CFNetwork.framework */,
				E61A33B31CA312A5004E5505 /* Security.framework */,
				E61A33B11CA312A1004E5505 /* SystemConfiguration.framework */,
				E61A33AF1CA3129A004E5505 /* libicucore.tbd */,
				E61A33AD1CA3128F004E5505 /* libc++.tbd */,
				E61A33A81CA31272004E5505 /* Firebase.framework */,
			);
			name = FrameWorks;
			sourceTree = "<group>";
		};
		E61A33BB1CA31321004E5505 /* Model */ = {
			isa = PBXGroup;
			children = (
				E6C2FA531CB30619006D2054 /* Timer.swift */,
				E61A33B71CA31315004E5505 /* User.swift */,
				E61A33B91CA3131D004E5505 /* Challenger.swift */,
			);
			name = Model;
			sourceTree = "<group>";
		};
		E61A33C01CA31338004E5505 /* ModelControllers */ = {
			isa = PBXGroup;
			children = (
				E61A33BC1CA3132B004E5505 /* ChallengerController.swift */,
				E61A33C11CA3135C004E5505 /* FirebaseController.swift */,
				E61A33BE1CA31332004E5505 /* UserController.swift */,
			);
			name = ModelControllers;
			sourceTree = "<group>";
		};
		E61A33C51CA344D6004E5505 /* View Controllers */ = {
			isa = PBXGroup;
			children = (
				E66A1CD21CB4703B00483F58 /* CreateChallengeViewController.swift */,
				E675DE281CAC5265009BA54E /* ChallengerTabBarViewController.swift */,
				E61A33C31CA344CE004E5505 /* SearchUserViewController.swift */,
				E61A33C61CA344F7004E5505 /* ChallengePrototypeController.swift */,
				E61A33C81CA34506004E5505 /* ChallengerPageViewController.swift */,
				E61A33CA1CA3450E004E5505 /* ProfileViewcontroller.swift */,
				E61A33CC1CA34515004E5505 /* LoginViewController.swift */,
				E61A33CE1CA3451D004E5505 /* CreateAccountViewController.swift */,
				E6C929D11CD09E5D008F74D8 /* PrivacyPolicyViewController.swift */,
			);
			name = "View Controllers";
			sourceTree = "<group>";
		};
		E61A33D21CA34538004E5505 /* View */ = {
			isa = PBXGroup;
			children = (
				E61A33D01CA34530004E5505 /* UserTableViewCell.swift */,
			);
			name = View;
			sourceTree = "<group>";
		};
/* End PBXGroup section */

/* Begin PBXNativeTarget section */
		E61A33921CA311FF004E5505 /* Challenger */ = {
			isa = PBXNativeTarget;
			buildConfigurationList = E61A33A51CA311FF004E5505 /* Build configuration list for PBXNativeTarget "Challenger" */;
			buildPhases = (
				E61A338F1CA311FF004E5505 /* Sources */,
				E61A33901CA311FF004E5505 /* Frameworks */,
				E61A33911CA311FF004E5505 /* Resources */,
				E67F1BE01CB6C92000E2C1DB /* Embed Frameworks */,
			);
			buildRules = (
			);
			dependencies = (
			);
			name = Challenger;
			productName = Challenger;
			productReference = E61A33931CA311FF004E5505 /* Challenger.app */;
			productType = "com.apple.product-type.application";
		};
/* End PBXNativeTarget section */

/* Begin PBXProject section */
		E61A338B1CA311FF004E5505 /* Project object */ = {
			isa = PBXProject;
			attributes = {
				LastSwiftUpdateCheck = 0730;
				LastUpgradeCheck = 0730;
				ORGANIZATIONNAME = "Dylan Slade";
				TargetAttributes = {
					E61A33921CA311FF004E5505 = {
						CreatedOnToolsVersion = 7.3;
						DevelopmentTeam = 22C3FKDR9Y;
						SystemCapabilities = {
							com.apple.Push = {
								enabled = 0;
							};
						};
					};
				};
			};
			buildConfigurationList = E61A338E1CA311FF004E5505 /* Build configuration list for PBXProject "Challenger" */;
			compatibilityVersion = "Xcode 3.2";
			developmentRegion = English;
			hasScannedForEncodings = 0;
			knownRegions = (
				en,
				Base,
			);
			mainGroup = E61A338A1CA311FF004E5505;
			productRefGroup = E61A33941CA311FF004E5505 /* Products */;
			projectDirPath = "";
			projectRoot = "";
			targets = (
				E61A33921CA311FF004E5505 /* Challenger */,
			);
		};
/* End PBXProject section */

/* Begin PBXResourcesBuildPhase section */
		E61A33911CA311FF004E5505 /* Resources */ = {
			isa = PBXResourcesBuildPhase;
			buildActionMask = 2147483647;
			files = (
				E61A33A11CA311FF004E5505 /* LaunchScreen.storyboard in Resources */,
				E61A339E1CA311FF004E5505 /* Assets.xcassets in Resources */,
				E61A339C1CA311FF004E5505 /* Main.storyboard in Resources */,
			);
			runOnlyForDeploymentPostprocessing = 0;
		};
/* End PBXResourcesBuildPhase section */

/* Begin PBXSourcesBuildPhase section */
		E61A338F1CA311FF004E5505 /* Sources */ = {
			isa = PBXSourcesBuildPhase;
			buildActionMask = 2147483647;
			files = (
				E61A33CF1CA3451D004E5505 /* CreateAccountViewController.swift in Sources */,
				E61A33C21CA3135C004E5505 /* FirebaseController.swift in Sources */,
				E6C2FA541CB30619006D2054 /* Timer.swift in Sources */,
				E61A33B81CA31315004E5505 /* User.swift in Sources */,
				E66A1CD31CB4703B00483F58 /* CreateChallengeViewController.swift in Sources */,
				E67F1BDD1CB6523700E2C1DB /* Appearance.swift in Sources */,
				E61A33CB1CA3450E004E5505 /* ProfileViewcontroller.swift in Sources */,
				E61A33D11CA34530004E5505 /* UserTableViewCell.swift in Sources */,
				E61A33C71CA344F7004E5505 /* ChallengePrototypeController.swift in Sources */,
				E61A33971CA311FF004E5505 /* AppDelegate.swift in Sources */,
				E675DE291CAC5265009BA54E /* ChallengerTabBarViewController.swift in Sources */,
				E61A33C41CA344CE004E5505 /* SearchUserViewController.swift in Sources */,
				E61A33BF1CA31332004E5505 /* UserController.swift in Sources */,
				E61A33BD1CA3132B004E5505 /* ChallengerController.swift in Sources */,
				E61A33C91CA34506004E5505 /* ChallengerPageViewController.swift in Sources */,
				E6C929D21CD09E5D008F74D8 /* PrivacyPolicyViewController.swift in Sources */,
				E61A33BA1CA3131D004E5505 /* Challenger.swift in Sources */,
				E61A33CD1CA34515004E5505 /* LoginViewController.swift in Sources */,
			);
			runOnlyForDeploymentPostprocessing = 0;
		};
/* End PBXSourcesBuildPhase section */

/* Begin PBXVariantGroup section */
		E61A339A1CA311FF004E5505 /* Main.storyboard */ = {
			isa = PBXVariantGroup;
			children = (
				E61A339B1CA311FF004E5505 /* Base */,
			);
			name = Main.storyboard;
			sourceTree = "<group>";
		};
		E61A339F1CA311FF004E5505 /* LaunchScreen.storyboard */ = {
			isa = PBXVariantGroup;
			children = (
				E61A33A01CA311FF004E5505 /* Base */,
			);
			name = LaunchScreen.storyboard;
			sourceTree = "<group>";
		};
/* End PBXVariantGroup section */

/* Begin XCBuildConfiguration section */
		E61A33A31CA311FF004E5505 /* Debug */ = {
			isa = XCBuildConfiguration;
			buildSettings = {
				ALWAYS_SEARCH_USER_PATHS = NO;
				CLANG_ANALYZER_NONNULL = YES;
				CLANG_CXX_LANGUAGE_STANDARD = "gnu++0x";
				CLANG_CXX_LIBRARY = "libc++";
				CLANG_ENABLE_MODULES = YES;
				CLANG_ENABLE_OBJC_ARC = YES;
				CLANG_WARN_BOOL_CONVERSION = YES;
				CLANG_WARN_CONSTANT_CONVERSION = YES;
				CLANG_WARN_DIRECT_OBJC_ISA_USAGE = YES_ERROR;
				CLANG_WARN_EMPTY_BODY = YES;
				CLANG_WARN_ENUM_CONVERSION = YES;
				CLANG_WARN_INT_CONVERSION = YES;
				CLANG_WARN_OBJC_ROOT_CLASS = YES_ERROR;
				CLANG_WARN_UNREACHABLE_CODE = YES;
				CLANG_WARN__DUPLICATE_METHOD_MATCH = YES;
				"CODE_SIGN_IDENTITY[sdk=iphoneos*]" = "iPhone Developer";
				COPY_PHASE_STRIP = NO;
				DEBUG_INFORMATION_FORMAT = dwarf;
				ENABLE_STRICT_OBJC_MSGSEND = YES;
				ENABLE_TESTABILITY = YES;
				GCC_C_LANGUAGE_STANDARD = gnu99;
				GCC_DYNAMIC_NO_PIC = NO;
				GCC_NO_COMMON_BLOCKS = YES;
				GCC_OPTIMIZATION_LEVEL = 0;
				GCC_PREPROCESSOR_DEFINITIONS = (
					"DEBUG=1",
					"$(inherited)",
				);
				GCC_WARN_64_TO_32_BIT_CONVERSION = YES;
				GCC_WARN_ABOUT_RETURN_TYPE = YES_ERROR;
				GCC_WARN_UNDECLARED_SELECTOR = YES;
				GCC_WARN_UNINITIALIZED_AUTOS = YES_AGGRESSIVE;
				GCC_WARN_UNUSED_FUNCTION = YES;
				GCC_WARN_UNUSED_VARIABLE = YES;
				IPHONEOS_DEPLOYMENT_TARGET = 9.3;
				MTL_ENABLE_DEBUG_INFO = YES;
				ONLY_ACTIVE_ARCH = YES;
				SDKROOT = iphoneos;
				SWIFT_OPTIMIZATION_LEVEL = "-Onone";
				TARGETED_DEVICE_FAMILY = "1,2";
			};
			name = Debug;
		};
		E61A33A41CA311FF004E5505 /* Release */ = {
			isa = XCBuildConfiguration;
			buildSettings = {
				ALWAYS_SEARCH_USER_PATHS = NO;
				CLANG_ANALYZER_NONNULL = YES;
				CLANG_CXX_LANGUAGE_STANDARD = "gnu++0x";
				CLANG_CXX_LIBRARY = "libc++";
				CLANG_ENABLE_MODULES = YES;
				CLANG_ENABLE_OBJC_ARC = YES;
				CLANG_WARN_BOOL_CONVERSION = YES;
				CLANG_WARN_CONSTANT_CONVERSION = YES;
				CLANG_WARN_DIRECT_OBJC_ISA_USAGE = YES_ERROR;
				CLANG_WARN_EMPTY_BODY = YES;
				CLANG_WARN_ENUM_CONVERSION = YES;
				CLANG_WARN_INT_CONVERSION = YES;
				CLANG_WARN_OBJC_ROOT_CLASS = YES_ERROR;
				CLANG_WARN_UNREACHABLE_CODE = YES;
				CLANG_WARN__DUPLICATE_METHOD_MATCH = YES;
				"CODE_SIGN_IDENTITY[sdk=iphoneos*]" = "iPhone Developer";
				COPY_PHASE_STRIP = NO;
				DEBUG_INFORMATION_FORMAT = "dwarf-with-dsym";
				ENABLE_NS_ASSERTIONS = NO;
				ENABLE_STRICT_OBJC_MSGSEND = YES;
				GCC_C_LANGUAGE_STANDARD = gnu99;
				GCC_NO_COMMON_BLOCKS = YES;
				GCC_WARN_64_TO_32_BIT_CONVERSION = YES;
				GCC_WARN_ABOUT_RETURN_TYPE = YES_ERROR;
				GCC_WARN_UNDECLARED_SELECTOR = YES;
				GCC_WARN_UNINITIALIZED_AUTOS = YES_AGGRESSIVE;
				GCC_WARN_UNUSED_FUNCTION = YES;
				GCC_WARN_UNUSED_VARIABLE = YES;
				IPHONEOS_DEPLOYMENT_TARGET = 9.3;
				MTL_ENABLE_DEBUG_INFO = NO;
				SDKROOT = iphoneos;
				TARGETED_DEVICE_FAMILY = "1,2";
				VALIDATE_PRODUCT = YES;
			};
			name = Release;
		};
		E61A33A61CA311FF004E5505 /* Debug */ = {
			isa = XCBuildConfiguration;
			buildSettings = {
				ASSETCATALOG_COMPILER_APPICON_NAME = AppIcon;
				CODE_SIGN_IDENTITY = "iPhone Developer";
				"CODE_SIGN_IDENTITY[sdk=iphoneos*]" = "iPhone Developer";
				FRAMEWORK_SEARCH_PATHS = (
					"$(inherited)",
					"$(PROJECT_DIR)",
				);
				INFOPLIST_FILE = Challenger/Info.plist;
				IPHONEOS_DEPLOYMENT_TARGET = 9.3;
				LD_RUNPATH_SEARCH_PATHS = "$(inherited) @executable_path/Frameworks";
				PRODUCT_BUNDLE_IDENTIFIER = com.dylanslade.ChallengeBombs;
				PRODUCT_NAME = "$(TARGET_NAME)";
				PROVISIONING_PROFILE = "";
				TARGETED_DEVICE_FAMILY = 1;
			};
			name = Debug;
		};
		E61A33A71CA311FF004E5505 /* Release */ = {
			isa = XCBuildConfiguration;
			buildSettings = {
				ASSETCATALOG_COMPILER_APPICON_NAME = AppIcon;
				CODE_SIGN_IDENTITY = "iPhone Developer";
				"CODE_SIGN_IDENTITY[sdk=iphoneos*]" = "iPhone Developer";
				FRAMEWORK_SEARCH_PATHS = (
					"$(inherited)",
					"$(PROJECT_DIR)",
				);
				INFOPLIST_FILE = Challenger/Info.plist;
				IPHONEOS_DEPLOYMENT_TARGET = 9.3;
				LD_RUNPATH_SEARCH_PATHS = "$(inherited) @executable_path/Frameworks";
				PRODUCT_BUNDLE_IDENTIFIER = com.dylanslade.ChallengeBombs;
				PRODUCT_NAME = "$(TARGET_NAME)";
				PROVISIONING_PROFILE = "";
				TARGETED_DEVICE_FAMILY = 1;
			};
			name = Release;
		};
/* End XCBuildConfiguration section */

/* Begin XCConfigurationList section */
		E61A338E1CA311FF004E5505 /* Build configuration list for PBXProject "Challenger" */ = {
			isa = XCConfigurationList;
			buildConfigurations = (
				E61A33A31CA311FF004E5505 /* Debug */,
				E61A33A41CA311FF004E5505 /* Release */,
			);
			defaultConfigurationIsVisible = 0;
			defaultConfigurationName = Release;
		};
		E61A33A51CA311FF004E5505 /* Build configuration list for PBXNativeTarget "Challenger" */ = {
			isa = XCConfigurationList;
			buildConfigurations = (
				E61A33A61CA311FF004E5505 /* Debug */,
				E61A33A71CA311FF004E5505 /* Release */,
			);
			defaultConfigurationIsVisible = 0;
			defaultConfigurationName = Release;
		};
/* End XCConfigurationList section */
	};
	rootObject = E61A338B1CA311FF004E5505 /* Project object */;
}
